
Microsoft Visual Studio Solution File, Format Version 12.00
# Visual Studio Version 17
VisualStudioVersion = 17.7.34024.191
MinimumVisualStudioVersion = 10.0.40219.1
Project("{FAE04EC0-301F-11D3-BF4B-00C04F79EFBC}") = "Assaignment1", "Assaignment1\Assaignment1.csproj", "{EEB62E1A-B0B2-478A-ABFC-4ABB755B8767}"
EndProject
Global
	GlobalSection(SolutionConfigurationPlatforms) = preSolution
		Debug|Any CPU = Debug|Any CPU
		Release|Any CPU = Release|Any CPU
	EndGlobalSection
	GlobalSection(ProjectConfigurationPlatforms) = postSolution
		{EEB62E1A-B0B2-478A-ABFC-4ABB755B8767}.Debug|Any CPU.ActiveCfg = Debug|Any CPU
		{EEB62E1A-B0B2-478A-ABFC-4ABB755B8767}.Debug|Any CPU.Build.0 = Debug|Any CPU
		{EEB62E1A-B0B2-478A-ABFC-4ABB755B8767}.Release|Any CPU.ActiveCfg = Release|Any CPU
		{EEB62E1A-B0B2-478A-ABFC-4ABB755B8767}.Release|Any CPU.Build.0 = Release|Any CPU
	EndGlobalSection
	GlobalSection(SolutionProperties) = preSolution
		HideSolutionNode = FALSE
	EndGlobalSection
	GlobalSection(ExtensibilityGlobals) = postSolution
		SolutionGuid = {C67A32E6-4294-4758-B87F-1D2086BDDBAB}
	EndGlobalSection
EndGlobal
